{
  "name": "server-battery-monitoring",
  "version": "1.0.0",
  "lockfileVersion": 2,
  "requires": true,
  "packages": {
    "": {
      "name": "server-battery-monitoring",
      "version": "1.0.0",
      "license": "MIT",
      "dependencies": {
        "ms": "^2.1.3"
      }
    },
    "node_modules/md": {
      "version": "0.6.0",
      "resolved": "https://registry.npmjs.org/md/-/md-0.6.0.tgz",
      "integrity": "sha512-dg63h89eAeNtubkGRLQ3/mkwis8Ye7uyZ7U0sMxFYx00231VKIb09PfoEH/Gdd2NIc+iSTDYCforOmT08JHsOA==",
      "dependencies": {
        "slugo": "^0.2.1"
      }
    },
    "node_modules/ms": {
      "version": "2.1.3",
      "resolved": "https://registry.npmjs.org/ms/-/ms-2.1.3.tgz",
      "integrity": "sha512-6FlzubTLZG3J2a/NVCAleEhjzq5oxgHyaCU9yYXvcLsvoVaHJq/s5xXI6/XXP6tz7R9xAOtHnSO/tXtF3WRTlA=="
    },
    "node_modules/slugo": {
      "version": "0.2.3",
      "resolved": "https://registry.npmjs.org/slugo/-/slugo-0.2.3.tgz",
      "integrity": "sha512-4nav6mk321IWKaWxgvygjp2JB0d5sNGgkPUJ+EGQZmmcvuXS+4DwdhhPa9L8WBg6fVQDID3PO+t6wYM1NqVbkA=="
    }
  },
  "dependencies": {
    "md": {
      "version": "https://registry.npmjs.org/md/-/md-0.6.0.tgz",
      "integrity": "sha512-dg63h89eAeNtubkGRLQ3/mkwis8Ye7uyZ7U0sMxFYx00231VKIb09PfoEH/Gdd2NIc+iSTDYCforOmT08JHsOA==",
      "requires": {
        "slugo": "^0.2.1"
      }
    },
    "ms": {
      "version": "2.1.3",
      "resolved": "https://registry.npmjs.org/ms/-/ms-2.1.3.tgz",
      "integrity": "sha512-6FlzubTLZG3J2a/NVCAleEhjzq5oxgHyaCU9yYXvcLsvoVaHJq/s5xXI6/XXP6tz7R9xAOtHnSO/tXtF3WRTlA=="
    },
    "slugo": {
      "version": "0.2.3",
      "resolved": "https://registry.npmjs.org/slugo/-/slugo-0.2.3.tgz",
      "integrity": "sha512-4nav6mk321IWKaWxgvygjp2JB0d5sNGgkPUJ+EGQZmmcvuXS+4DwdhhPa9L8WBg6fVQDID3PO+t6wYM1NqVbkA=="
    }
  }
}
